
Microsoft Visual Studio Solution File, Format Version 12.00
Project("{FAE04EC0-301F-11D3-BF4B-00C04F79EFBC}") = "GroupsAndFilters", "GroupsAndFilters\GroupsAndFilters.csproj", "{DF78D563-8412-40BF-83CB-113F5F5A0060}"
EndProject
Global
	GlobalSection(SolutionConfigurationPlatforms) = preSolution
		Debug|Any CPU = Debug|Any CPU
		Release|Any CPU = Release|Any CPU
	EndGlobalSection
	GlobalSection(ProjectConfigurationPlatforms) = postSolution
		{DF78D563-8412-40BF-83CB-113F5F5A0060}.Debug|Any CPU.ActiveCfg = Debug|Any CPU
		{DF78D563-8412-40BF-83CB-113F5F5A0060}.Debug|Any CPU.Build.0 = Debug|Any CPU
		{DF78D563-8412-40BF-83CB-113F5F5A0060}.Release|Any CPU.ActiveCfg = Release|Any CPU
		{DF78D563-8412-40BF-83CB-113F5F5A0060}.Release|Any CPU.Build.0 = Release|Any CPU
	EndGlobalSection
EndGlobal
